
Microsoft Visual Studio Solution File, Format Version 12.00
Project("{FAE04EC0-301F-11D3-BF4B-00C04F79EFBC}") = "CSharp11Features", "CSharp11Features.csproj", "{3650A1C6-C2DF-4342-990E-4625B6262858}"
EndProject
Global
	GlobalSection(SolutionConfigurationPlatforms) = preSolution
		Debug|Any CPU = Debug|Any CPU
		Release|Any CPU = Release|Any CPU
	EndGlobalSection
	GlobalSection(ProjectConfigurationPlatforms) = postSolution
		{3650A1C6-C2DF-4342-990E-4625B6262858}.Debug|Any CPU.ActiveCfg = Debug|Any CPU
		{3650A1C6-C2DF-4342-990E-4625B6262858}.Debug|Any CPU.Build.0 = Debug|Any CPU
		{3650A1C6-C2DF-4342-990E-4625B6262858}.Release|Any CPU.ActiveCfg = Release|Any CPU
		{3650A1C6-C2DF-4342-990E-4625B6262858}.Release|Any CPU.Build.0 = Release|Any CPU
	EndGlobalSection
EndGlobal
